{
  "requires": true,
  "lockfileVersion": 1,
  "dependencies": {
    "blueimp-canvas-to-blob": {
      "version": "3.16.0",
      "resolved": "https://registry.npmjs.org/blueimp-canvas-to-blob/-/blueimp-canvas-to-blob-3.16.0.tgz",
      "integrity": "sha512-r5TRlxH5Y0iKrRajCfiW1K4o2U1JniarjLXuNJrC5nnlWV/UopieF8sysw9pAYBauxg2I3Ah1hUp3NEuinwmkA=="
    },
    "blueimp-load-image": {
      "version": "2.24.0",
      "resolved": "https://registry.npmjs.org/blueimp-load-image/-/blueimp-load-image-2.24.0.tgz",
      "integrity": "sha512-fR/CNGEOqbcgbQC7+6hJKcxjD5updapWECbptrHrYpkacP1eXCOoA+92D0v49Sc+gwtxTDzu8nxNmYYd7AXzUg=="
    },
    "blueimp-tmpl": {
      "version": "3.13.0",
      "resolved": "https://registry.npmjs.org/blueimp-tmpl/-/blueimp-tmpl-3.13.0.tgz",
      "integrity": "sha512-TC5eLXhPGGgBJG1gGxKRORB5DMxSVSTS/GsqsQuJ+shv0Ez5wc9bjoXVhPqtdbzVZAzFvveasAMrjqEYY/18Og=="
    }
  }
}
